// !$*UTF8*$!
{
	archiveVersion = 1;
	classes = {
	};
	objectVersion = 46;
	objects = {

/* Begin PBXBuildFile section */
		8A742EAC184BEE7E00C5B373 /* Foundation.framework in Frameworks */ = {isa = PBXBuildFile; fileRef = 8A742EAB184BEE7E00C5B373 /* Foundation.framework */; };
		8A742EAE184BEE7E00C5B373 /* CoreGraphics.framework in Frameworks */ = {isa = PBXBuildFile; fileRef = 8A742EAD184BEE7E00C5B373 /* CoreGraphics.framework */; };
		8A742EB0184BEE7E00C5B373 /* UIKit.framework in Frameworks */ = {isa = PBXBuildFile; fileRef = 8A742EAF184BEE7E00C5B373 /* UIKit.framework */; };
		8A742EB6184BEE7E00C5B373 /* InfoPlist.strings in Resources */ = {isa = PBXBuildFile; fileRef = 8A742EB4184BEE7E00C5B373 /* InfoPlist.strings */; };
		8A742EB8184BEE7E00C5B373 /* main.m in Sources */ = {isa = PBXBuildFile; fileRef = 8A742EB7184BEE7E00C5B373 /* main.m */; };
		8A742EBC184BEE7E00C5B373 /* AppDelegate.m in Sources */ = {isa = PBXBuildFile; fileRef = 8A742EBB184BEE7E00C5B373 /* AppDelegate.m */; };
		8A742EBF184BEE7E00C5B373 /* Request.storyboard in Resources */ = {isa = PBXBuildFile; fileRef = 8A742EBD184BEE7E00C5B373 /* Request.storyboard */; };
		8A742EC2184BEE7E00C5B373 /* ViewController.m in Sources */ = {isa = PBXBuildFile; fileRef = 8A742EC1184BEE7E00C5B373 /* ViewController.m */; };
		8A742EC4184BEE7E00C5B373 /* Images.xcassets in Resources */ = {isa = PBXBuildFile; fileRef = 8A742EC3184BEE7E00C5B373 /* Images.xcassets */; };
		8A742ECB184BEE7E00C5B373 /* XCTest.framework in Frameworks */ = {isa = PBXBuildFile; fileRef = 8A742ECA184BEE7E00C5B373 /* XCTest.framework */; };
		8A742ECC184BEE7E00C5B373 /* Foundation.framework in Frameworks */ = {isa = PBXBuildFile; fileRef = 8A742EAB184BEE7E00C5B373 /* Foundation.framework */; };
		8A742ECD184BEE7E00C5B373 /* UIKit.framework in Frameworks */ = {isa = PBXBuildFile; fileRef = 8A742EAF184BEE7E00C5B373 /* UIKit.framework */; };
		8A742ED5184BEE7E00C5B373 /* InfoPlist.strings in Resources */ = {isa = PBXBuildFile; fileRef = 8A742ED3184BEE7E00C5B373 /* InfoPlist.strings */; };
		8A742ED7184BEE7E00C5B373 /* SenderTests.m in Sources */ = {isa = PBXBuildFile; fileRef = 8A742ED6184BEE7E00C5B373 /* SenderTests.m */; };
/* End PBXBuildFile section */

/* Begin PBXContainerItemProxy section */
		8A742ECE184BEE7E00C5B373 /* PBXContainerItemProxy */ = {
			isa = PBXContainerItemProxy;
			containerPortal = 8A742EA0184BEE7E00C5B373 /* Project object */;
			proxyType = 1;
			remoteGlobalIDString = 8A742EA7184BEE7E00C5B373;
			remoteInfo = Sender;
		};
/* End PBXContainerItemProxy section */

/* Begin PBXFileReference section */
		8A742EA8184BEE7E00C5B373 /* Sender.app */ = {isa = PBXFileReference; explicitFileType = wrapper.application; includeInIndex = 0; path = Sender.app; sourceTree = BUILT_PRODUCTS_DIR; };
		8A742EAB184BEE7E00C5B373 /* Foundation.framework */ = {isa = PBXFileReference; lastKnownFileType = wrapper.framework; name = Foundation.framework; path = System/Library/Frameworks/Foundation.framework; sourceTree = SDKROOT; };
		8A742EAD184BEE7E00C5B373 /* CoreGraphics.framework */ = {isa = PBXFileReference; lastKnownFileType = wrapper.framework; name = CoreGraphics.framework; path = System/Library/Frameworks/CoreGraphics.framework; sourceTree = SDKROOT; };
		8A742EAF184BEE7E00C5B373 /* UIKit.framework */ = {isa = PBXFileReference; lastKnownFileType = wrapper.framework; name = UIKit.framework; path = System/Library/Frameworks/UIKit.framework; sourceTree = SDKROOT; };
		8A742EB3184BEE7E00C5B373 /* Sender-Info.plist */ = {isa = PBXFileReference; lastKnownFileType = text.plist.xml; path = "Sender-Info.plist"; sourceTree = "<group>"; };
		8A742EB5184BEE7E00C5B373 /* en */ = {isa = PBXFileReference; lastKnownFileType = text.plist.strings; name = en; path = en.lproj/InfoPlist.strings; sourceTree = "<group>"; };
		8A742EB7184BEE7E00C5B373 /* main.m */ = {isa = PBXFileReference; lastKnownFileType = sourcecode.c.objc; path = main.m; sourceTree = "<group>"; };
		8A742EB9184BEE7E00C5B373 /* Sender-Prefix.pch */ = {isa = PBXFileReference; lastKnownFileType = sourcecode.c.h; path = "Sender-Prefix.pch"; sourceTree = "<group>"; };
		8A742EBA184BEE7E00C5B373 /* AppDelegate.h */ = {isa = PBXFileReference; lastKnownFileType = sourcecode.c.h; path = AppDelegate.h; sourceTree = "<group>"; };
		8A742EBB184BEE7E00C5B373 /* AppDelegate.m */ = {isa = PBXFileReference; lastKnownFileType = sourcecode.c.objc; path = AppDelegate.m; sourceTree = "<group>"; };
		8A742EBE184BEE7E00C5B373 /* Base */ = {isa = PBXFileReference; lastKnownFileType = file.storyboard; name = Base; path = Base.lproj/Request.storyboard; sourceTree = "<group>"; };
		8A742EC0184BEE7E00C5B373 /* ViewController.h */ = {isa = PBXFileReference; lastKnownFileType = sourcecode.c.h; path = ViewController.h; sourceTree = "<group>"; };
		8A742EC1184BEE7E00C5B373 /* ViewController.m */ = {isa = PBXFileReference; lastKnownFileType = sourcecode.c.objc; path = ViewController.m; sourceTree = "<group>"; };
		8A742EC3184BEE7E00C5B373 /* Images.xcassets */ = {isa = PBXFileReference; lastKnownFileType = folder.assetcatalog; path = Images.xcassets; sourceTree = "<group>"; };
		8A742EC9184BEE7E00C5B373 /* SenderTests.xctest */ = {isa = PBXFileReference; explicitFileType = wrapper.cfbundle; includeInIndex = 0; path = SenderTests.xctest; sourceTree = BUILT_PRODUCTS_DIR; };
		8A742ECA184BEE7E00C5B373 /* XCTest.framework */ = {isa = PBXFileReference; lastKnownFileType = wrapper.framework; name = XCTest.framework; path = Library/Frameworks/XCTest.framework; sourceTree = DEVELOPER_DIR; };
		8A742ED2184BEE7E00C5B373 /* SenderTests-Info.plist */ = {isa = PBXFileReference; lastKnownFileType = text.plist.xml; path = "SenderTests-Info.plist"; sourceTree = "<group>"; };
		8A742ED4184BEE7E00C5B373 /* en */ = {isa = PBXFileReference; lastKnownFileType = text.plist.strings; name = en; path = en.lproj/InfoPlist.strings; sourceTree = "<group>"; };
		8A742ED6184BEE7E00C5B373 /* SenderTests.m */ = {isa = PBXFileReference; lastKnownFileType = sourcecode.c.objc; path = SenderTests.m; sourceTree = "<group>"; };
/* End PBXFileReference section */

/* Begin PBXFrameworksBuildPhase section */
		8A742EA5184BEE7E00C5B373 /* Frameworks */ = {
			isa = PBXFrameworksBuildPhase;
			buildActionMask = 2147483647;
			files = (
				8A742EAE184BEE7E00C5B373 /* CoreGraphics.framework in Frameworks */,
				8A742EB0184BEE7E00C5B373 /* UIKit.framework in Frameworks */,
				8A742EAC184BEE7E00C5B373 /* Foundation.framework in Frameworks */,
			);
			runOnlyForDeploymentPostprocessing = 0;
		};
		8A742EC6184BEE7E00C5B373 /* Frameworks */ = {
			isa = PBXFrameworksBuildPhase;
			buildActionMask = 2147483647;
			files = (
				8A742ECB184BEE7E00C5B373 /* XCTest.framework in Frameworks */,
				8A742ECD184BEE7E00C5B373 /* UIKit.framework in Frameworks */,
				8A742ECC184BEE7E00C5B373 /* Foundation.framework in Frameworks */,
			);
			runOnlyForDeploymentPostprocessing = 0;
		};
/* End PBXFrameworksBuildPhase section */

/* Begin PBXGroup section */
		8A742E9F184BEE7E00C5B373 = {
			isa = PBXGroup;
			children = (
				8A742EB1184BEE7E00C5B373 /* Sender */,
				8A742ED0184BEE7E00C5B373 /* SenderTests */,
				8A742EAA184BEE7E00C5B373 /* Frameworks */,
				8A742EA9184BEE7E00C5B373 /* Products */,
			);
			sourceTree = "<group>";
		};
		8A742EA9184BEE7E00C5B373 /* Products */ = {
			isa = PBXGroup;
			children = (
				8A742EA8184BEE7E00C5B373 /* Sender.app */,
				8A742EC9184BEE7E00C5B373 /* SenderTests.xctest */,
			);
			name = Products;
			sourceTree = "<group>";
		};
		8A742EAA184BEE7E00C5B373 /* Frameworks */ = {
			isa = PBXGroup;
			children = (
				8A742EAB184BEE7E00C5B373 /* Foundation.framework */,
				8A742EAD184BEE7E00C5B373 /* CoreGraphics.framework */,
				8A742EAF184BEE7E00C5B373 /* UIKit.framework */,
				8A742ECA184BEE7E00C5B373 /* XCTest.framework */,
			);
			name = Frameworks;
			sourceTree = "<group>";
		};
		8A742EB1184BEE7E00C5B373 /* Sender */ = {
			isa = PBXGroup;
			children = (
				8A742EBA184BEE7E00C5B373 /* AppDelegate.h */,
				8A742EBB184BEE7E00C5B373 /* AppDelegate.m */,
				8A742EBD184BEE7E00C5B373 /* Request.storyboard */,
				8A742EC0184BEE7E00C5B373 /* ViewController.h */,
				8A742EC1184BEE7E00C5B373 /* ViewController.m */,
				8A742EC3184BEE7E00C5B373 /* Images.xcassets */,
				8A742EB2184BEE7E00C5B373 /* Supporting Files */,
			);
			path = Sender;
			sourceTree = "<group>";
		};
		8A742EB2184BEE7E00C5B373 /* Supporting Files */ = {
			isa = PBXGroup;
			children = (
				8A742EB3184BEE7E00C5B373 /* Sender-Info.plist */,
				8A742EB4184BEE7E00C5B373 /* InfoPlist.strings */,
				8A742EB7184BEE7E00C5B373 /* main.m */,
				8A742EB9184BEE7E00C5B373 /* Sender-Prefix.pch */,
			);
			name = "Supporting Files";
			sourceTree = "<group>";
		};
		8A742ED0184BEE7E00C5B373 /* SenderTests */ = {
			isa = PBXGroup;
			children = (
				8A742ED6184BEE7E00C5B373 /* SenderTests.m */,
				8A742ED1184BEE7E00C5B373 /* Supporting Files */,
			);
			path = SenderTests;
			sourceTree = "<group>";
		};
		8A742ED1184BEE7E00C5B373 /* Supporting Files */ = {
			isa = PBXGroup;
			children = (
				8A742ED2184BEE7E00C5B373 /* SenderTests-Info.plist */,
				8A742ED3184BEE7E00C5B373 /* InfoPlist.strings */,
			);
			name = "Supporting Files";
			sourceTree = "<group>";
		};
/* End PBXGroup section */

/* Begin PBXNativeTarget section */
		8A742EA7184BEE7E00C5B373 /* Sender */ = {
			isa = PBXNativeTarget;
			buildConfigurationList = 8A742EDA184BEE7E00C5B373 /* Build configuration list for PBXNativeTarget "Sender" */;
			buildPhases = (
				8A742EA4184BEE7E00C5B373 /* Sources */,
				8A742EA5184BEE7E00C5B373 /* Frameworks */,
				8A742EA6184BEE7E00C5B373 /* Resources */,
			);
			buildRules = (
			);
			dependencies = (
			);
			name = Sender;
			productName = Sender;
			productReference = 8A742EA8184BEE7E00C5B373 /* Sender.app */;
			productType = "com.apple.product-type.application";
		};
		8A742EC8184BEE7E00C5B373 /* SenderTests */ = {
			isa = PBXNativeTarget;
			buildConfigurationList = 8A742EDD184BEE7E00C5B373 /* Build configuration list for PBXNativeTarget "SenderTests" */;
			buildPhases = (
				8A742EC5184BEE7E00C5B373 /* Sources */,
				8A742EC6184BEE7E00C5B373 /* Frameworks */,
				8A742EC7184BEE7E00C5B373 /* Resources */,
			);
			buildRules = (
			);
			dependencies = (
				8A742ECF184BEE7E00C5B373 /* PBXTargetDependency */,
			);
			name = SenderTests;
			productName = SenderTests;
			productReference = 8A742EC9184BEE7E00C5B373 /* SenderTests.xctest */;
			productType = "com.apple.product-type.bundle.unit-test";
		};
/* End PBXNativeTarget section */

/* Begin PBXProject section */
		8A742EA0184BEE7E00C5B373 /* Project object */ = {
			isa = PBXProject;
			attributes = {
				LastUpgradeCheck = 0500;
				ORGANIZATIONNAME = "Alejandro Guízar Prado";
				TargetAttributes = {
					8A742EA7184BEE7E00C5B373 = {
						DevelopmentTeam = 78RJL5AW44;
					};
					8A742EC8184BEE7E00C5B373 = {
						TestTargetID = 8A742EA7184BEE7E00C5B373;
					};
				};
			};
			buildConfigurationList = 8A742EA3184BEE7E00C5B373 /* Build configuration list for PBXProject "Sender" */;
			compatibilityVersion = "Xcode 3.2";
			developmentRegion = English;
			hasScannedForEncodings = 0;
			knownRegions = (
				en,
				Base,
			);
			mainGroup = 8A742E9F184BEE7E00C5B373;
			productRefGroup = 8A742EA9184BEE7E00C5B373 /* Products */;
			projectDirPath = "";
			projectRoot = "";
			targets = (
				8A742EA7184BEE7E00C5B373 /* Sender */,
				8A742EC8184BEE7E00C5B373 /* SenderTests */,
			);
		};
/* End PBXProject section */

/* Begin PBXResourcesBuildPhase section */
		8A742EA6184BEE7E00C5B373 /* Resources */ = {
			isa = PBXResourcesBuildPhase;
			buildActionMask = 2147483647;
			files = (
				8A742EC4184BEE7E00C5B373 /* Images.xcassets in Resources */,
				8A742EB6184BEE7E00C5B373 /* InfoPlist.strings in Resources */,
				8A742EBF184BEE7E00C5B373 /* Request.storyboard in Resources */,
			);
			runOnlyForDeploymentPostprocessing = 0;
		};
		8A742EC7184BEE7E00C5B373 /* Resources */ = {
			isa = PBXResourcesBuildPhase;
			buildActionMask = 2147483647;
			files = (
				8A742ED5184BEE7E00C5B373 /* InfoPlist.strings in Resources */,
			);
			runOnlyForDeploymentPostprocessing = 0;
		};
/* End PBXResourcesBuildPhase section */

/* Begin PBXSourcesBuildPhase section */
		8A742EA4184BEE7E00C5B373 /* Sources */ = {
			isa = PBXSourcesBuildPhase;
			buildActionMask = 2147483647;
			files = (
				8A742EC2184BEE7E00C5B373 /* ViewController.m in Sources */,
				8A742EBC184BEE7E00C5B373 /* AppDelegate.m in Sources */,
				8A742EB8184BEE7E00C5B373 /* main.m in Sources */,
			);
			runOnlyForDeploymentPostprocessing = 0;
		};
		8A742EC5184BEE7E00C5B373 /* Sources */ = {
			isa = PBXSourcesBuildPhase;
			buildActionMask = 2147483647;
			files = (
				8A742ED7184BEE7E00C5B373 /* SenderTests.m in Sources */,
			);
			runOnlyForDeploymentPostprocessing = 0;
		};
/* End PBXSourcesBuildPhase section */

/* Begin PBXTargetDependency section */
		8A742ECF184BEE7E00C5B373 /* PBXTargetDependency */ = {
			isa = PBXTargetDependency;
			target = 8A742EA7184BEE7E00C5B373 /* Sender */;
			targetProxy = 8A742ECE184BEE7E00C5B373 /* PBXContainerItemProxy */;
		};
/* End PBXTargetDependency section */

/* Begin PBXVariantGroup section */
		8A742EB4184BEE7E00C5B373 /* InfoPlist.strings */ = {
			isa = PBXVariantGroup;
			children = (
				8A742EB5184BEE7E00C5B373 /* en */,
			);
			name = InfoPlist.strings;
			sourceTree = "<group>";
		};
		8A742EBD184BEE7E00C5B373 /* Request.storyboard */ = {
			isa = PBXVariantGroup;
			children = (
				8A742EBE184BEE7E00C5B373 /* Base */,
			);
			name = Request.storyboard;
			sourceTree = "<group>";
		};
		8A742ED3184BEE7E00C5B373 /* InfoPlist.strings */ = {
			isa = PBXVariantGroup;
			children = (
				8A742ED4184BEE7E00C5B373 /* en */,
			);
			name = InfoPlist.strings;
			sourceTree = "<group>";
		};
/* End PBXVariantGroup section */

/* Begin XCBuildConfiguration section */
		8A742ED8184BEE7E00C5B373 /* Debug */ = {
			isa = XCBuildConfiguration;
			buildSettings = {
				ALWAYS_SEARCH_USER_PATHS = NO;
				ARCHS = "$(ARCHS_STANDARD_INCLUDING_64_BIT)";
				CLANG_CXX_LANGUAGE_STANDARD = "gnu++0x";
				CLANG_CXX_LIBRARY = "libc++";
				CLANG_ENABLE_MODULES = YES;
				CLANG_ENABLE_OBJC_ARC = YES;
				CLANG_WARN_BOOL_CONVERSION = YES;
				CLANG_WARN_CONSTANT_CONVERSION = YES;
				CLANG_WARN_DIRECT_OBJC_ISA_USAGE = YES_ERROR;
				CLANG_WARN_EMPTY_BODY = YES;
				CLANG_WARN_ENUM_CONVERSION = YES;
				CLANG_WARN_INT_CONVERSION = YES;
				CLANG_WARN_OBJC_ROOT_CLASS = YES_ERROR;
				CLANG_WARN__DUPLICATE_METHOD_MATCH = YES;
				"CODE_SIGN_IDENTITY[sdk=iphoneos*]" = "iPhone Developer";
				COPY_PHASE_STRIP = NO;
				GCC_C_LANGUAGE_STANDARD = gnu99;
				GCC_DYNAMIC_NO_PIC = NO;
				GCC_OPTIMIZATION_LEVEL = 0;
				GCC_PREPROCESSOR_DEFINITIONS = (
					"DEBUG=1",
					"$(inherited)",
				);
				GCC_SYMBOLS_PRIVATE_EXTERN = NO;
				GCC_WARN_64_TO_32_BIT_CONVERSION = YES;
				GCC_WARN_ABOUT_RETURN_TYPE = YES_ERROR;
				GCC_WARN_UNDECLARED_SELECTOR = YES;
				GCC_WARN_UNINITIALIZED_AUTOS = YES;
				GCC_WARN_UNUSED_FUNCTION = YES;
				GCC_WARN_UNUSED_VARIABLE = YES;
				IPHONEOS_DEPLOYMENT_TARGET = 7.0;
				ONLY_ACTIVE_ARCH = YES;
				SDKROOT = iphoneos;
			};
			name = Debug;
		};
		8A742ED9184BEE7E00C5B373 /* Release */ = {
			isa = XCBuildConfiguration;
			buildSettings = {
				ALWAYS_SEARCH_USER_PATHS = NO;
				ARCHS = "$(ARCHS_STANDARD_INCLUDING_64_BIT)";
				CLANG_CXX_LANGUAGE_STANDARD = "gnu++0x";
				CLANG_CXX_LIBRARY = "libc++";
				CLANG_ENABLE_MODULES = YES;
				CLANG_ENABLE_OBJC_ARC = YES;
				CLANG_WARN_BOOL_CONVERSION = YES;
				CLANG_WARN_CONSTANT_CONVERSION = YES;
				CLANG_WARN_DIRECT_OBJC_ISA_USAGE = YES_ERROR;
				CLANG_WARN_EMPTY_BODY = YES;
				CLANG_WARN_ENUM_CONVERSION = YES;
				CLANG_WARN_INT_CONVERSION = YES;
				CLANG_WARN_OBJC_ROOT_CLASS = YES_ERROR;
				CLANG_WARN__DUPLICATE_METHOD_MATCH = YES;
				"CODE_SIGN_IDENTITY[sdk=iphoneos*]" = "iPhone Developer";
				COPY_PHASE_STRIP = YES;
				ENABLE_NS_ASSERTIONS = NO;
				GCC_C_LANGUAGE_STANDARD = gnu99;
				GCC_WARN_64_TO_32_BIT_CONVERSION = YES;
				GCC_WARN_ABOUT_RETURN_TYPE = YES_ERROR;
				GCC_WARN_UNDECLARED_SELECTOR = YES;
				GCC_WARN_UNINITIALIZED_AUTOS = YES;
				GCC_WARN_UNUSED_FUNCTION = YES;
				GCC_WARN_UNUSED_VARIABLE = YES;
				IPHONEOS_DEPLOYMENT_TARGET = 7.0;
				SDKROOT = iphoneos;
				VALIDATE_PRODUCT = YES;
			};
			name = Release;
		};
		8A742EDB184BEE7E00C5B373 /* Debug */ = {
			isa = XCBuildConfiguration;
			buildSettings = {
				ASSETCATALOG_COMPILER_APPICON_NAME = AppIcon;
				ASSETCATALOG_COMPILER_LAUNCHIMAGE_NAME = LaunchImage;
				CODE_SIGN_IDENTITY = "iPhone Developer";
				"CODE_SIGN_IDENTITY[sdk=iphoneos*]" = "iPhone Developer";
				GCC_PRECOMPILE_PREFIX_HEADER = YES;
				GCC_PREFIX_HEADER = "Sender/Sender-Prefix.pch";
				INFOPLIST_FILE = "Sender/Sender-Info.plist";
				PRODUCT_NAME = "$(TARGET_NAME)";
				PROVISIONING_PROFILE = "";
				WRAPPER_EXTENSION = app;
			};
			name = Debug;
		};
		8A742EDC184BEE7E00C5B373 /* Release */ = {
			isa = XCBuildConfiguration;
			buildSettings = {
				ASSETCATALOG_COMPILER_APPICON_NAME = AppIcon;
				ASSETCATALOG_COMPILER_LAUNCHIMAGE_NAME = LaunchImage;
				CODE_SIGN_IDENTITY = "iPhone Developer";
				"CODE_SIGN_IDENTITY[sdk=iphoneos*]" = "iPhone Developer";
				GCC_PRECOMPILE_PREFIX_HEADER = YES;
				GCC_PREFIX_HEADER = "Sender/Sender-Prefix.pch";
				INFOPLIST_FILE = "Sender/Sender-Info.plist";
				PRODUCT_NAME = "$(TARGET_NAME)";
				PROVISIONING_PROFILE = "";
				WRAPPER_EXTENSION = app;
			};
			name = Release;
		};
		8A742EDE184BEE7E00C5B373 /* Debug */ = {
			isa = XCBuildConfiguration;
			buildSettings = {
				ARCHS = "$(ARCHS_STANDARD_INCLUDING_64_BIT)";
				BUNDLE_LOADER = "$(BUILT_PRODUCTS_DIR)/Sender.app/Sender";
				FRAMEWORK_SEARCH_PATHS = (
					"$(SDKROOT)/Developer/Library/Frameworks",
					"$(inherited)",
					"$(DEVELOPER_FRAMEWORKS_DIR)",
				);
				GCC_PRECOMPILE_PREFIX_HEADER = YES;
				GCC_PREFIX_HEADER = "Sender/Sender-Prefix.pch";
				GCC_PREPROCESSOR_DEFINITIONS = (
					"DEBUG=1",
					"$(inherited)",
				);
				INFOPLIST_FILE = "SenderTests/SenderTests-Info.plist";
				PRODUCT_NAME = "$(TARGET_NAME)";
				TEST_HOST = "$(BUNDLE_LOADER)";
				WRAPPER_EXTENSION = xctest;
			};
			name = Debug;
		};
		8A742EDF184BEE7E00C5B373 /* Release */ = {
			isa = XCBuildConfiguration;
			buildSettings = {
				ARCHS = "$(ARCHS_STANDARD_INCLUDING_64_BIT)";
				BUNDLE_LOADER = "$(BUILT_PRODUCTS_DIR)/Sender.app/Sender";
				FRAMEWORK_SEARCH_PATHS = (
					"$(SDKROOT)/Developer/Library/Frameworks",
					"$(inherited)",
					"$(DEVELOPER_FRAMEWORKS_DIR)",
				);
				GCC_PRECOMPILE_PREFIX_HEADER = YES;
				GCC_PREFIX_HEADER = "Sender/Sender-Prefix.pch";
				INFOPLIST_FILE = "SenderTests/SenderTests-Info.plist";
				PRODUCT_NAME = "$(TARGET_NAME)";
				TEST_HOST = "$(BUNDLE_LOADER)";
				WRAPPER_EXTENSION = xctest;
			};
			name = Release;
		};
/* End XCBuildConfiguration section */

/* Begin XCConfigurationList section */
		8A742EA3184BEE7E00C5B373 /* Build configuration list for PBXProject "Sender" */ = {
			isa = XCConfigurationList;
			buildConfigurations = (
				8A742ED8184BEE7E00C5B373 /* Debug */,
				8A742ED9184BEE7E00C5B373 /* Release */,
			);
			defaultConfigurationIsVisible = 0;
			defaultConfigurationName = Release;
		};
		8A742EDA184BEE7E00C5B373 /* Build configuration list for PBXNativeTarget "Sender" */ = {
			isa = XCConfigurationList;
			buildConfigurations = (
				8A742EDB184BEE7E00C5B373 /* Debug */,
				8A742EDC184BEE7E00C5B373 /* Release */,
			);
			defaultConfigurationIsVisible = 0;
			defaultConfigurationName = Release;
		};
		8A742EDD184BEE7E00C5B373 /* Build configuration list for PBXNativeTarget "SenderTests" */ = {
			isa = XCConfigurationList;
			buildConfigurations = (
				8A742EDE184BEE7E00C5B373 /* Debug */,
				8A742EDF184BEE7E00C5B373 /* Release */,
			);
			defaultConfigurationIsVisible = 0;
			defaultConfigurationName = Release;
		};
/* End XCConfigurationList section */
	};
	rootObject = 8A742EA0184BEE7E00C5B373 /* Project object */;
}
